
Microsoft Visual Studio Solution File, Format Version 12.00
# Visual Studio Version 17
VisualStudioVersion = 17.2.32602.215
MinimumVisualStudioVersion = 10.0.40219.1
Project("{9A19103F-16F7-4668-BE54-9A1E7A4F7556}") = "ShareX.CustomUploader", "src\ShareX.CustomUploader\ShareX.CustomUploader.csproj", "{EB092064-941F-4E9B-91F8-27D363E90CE4}"
EndProject
Project("{9A19103F-16F7-4668-BE54-9A1E7A4F7556}") = "ShareX.CustomUploader.Web", "src\ShareX.CustomUploader.Web\ShareX.CustomUploader.Web.csproj", "{2CC0A63C-32CB-4CCC-B7C9-0D07CB4A6975}"
EndProject
Global
	GlobalSection(SolutionConfigurationPlatforms) = preSolution
		Debug|Any CPU = Debug|Any CPU
		Release|Any CPU = Release|Any CPU
	EndGlobalSection
	GlobalSection(ProjectConfigurationPlatforms) = postSolution
		{EB092064-941F-4E9B-91F8-27D363E90CE4}.Debug|Any CPU.ActiveCfg = Debug|Any CPU
		{EB092064-941F-4E9B-91F8-27D363E90CE4}.Debug|Any CPU.Build.0 = Debug|Any CPU
		{EB092064-941F-4E9B-91F8-27D363E90CE4}.Release|Any CPU.ActiveCfg = Release|Any CPU
		{EB092064-941F-4E9B-91F8-27D363E90CE4}.Release|Any CPU.Build.0 = Release|Any CPU
		{2CC0A63C-32CB-4CCC-B7C9-0D07CB4A6975}.Debug|Any CPU.ActiveCfg = Debug|Any CPU
		{2CC0A63C-32CB-4CCC-B7C9-0D07CB4A6975}.Debug|Any CPU.Build.0 = Debug|Any CPU
		{2CC0A63C-32CB-4CCC-B7C9-0D07CB4A6975}.Release|Any CPU.ActiveCfg = Release|Any CPU
		{2CC0A63C-32CB-4CCC-B7C9-0D07CB4A6975}.Release|Any CPU.Build.0 = Release|Any CPU
	EndGlobalSection
	GlobalSection(SolutionProperties) = preSolution
		HideSolutionNode = FALSE
	EndGlobalSection
	GlobalSection(ExtensibilityGlobals) = postSolution
		SolutionGuid = {07B14851-ECD5-4D90-8BA5-BE8AEEABE329}
	EndGlobalSection
EndGlobal
